
Microsoft Visual Studio Solution File, Format Version 12.00
# Visual Studio Version 16
VisualStudioVersion = 16.0.30523.141
MinimumVisualStudioVersion = 10.0.40219.1
Project("{9A19103F-16F7-4668-BE54-9A1E7A4F7556}") = "MovieCollection.TheMovieDatabase", "MovieCollection.TheMovieDatabase\MovieCollection.TheMovieDatabase.csproj", "{CFA13F18-38EB-4476-A6C8-40BDE364F606}"
EndProject
Project("{2150E333-8FDC-42A3-9474-1A3956D46DE8}") = "Solution Items", "Solution Items", "{49BAF424-6154-4068-A842-D059032D30FE}"
	ProjectSection(SolutionItems) = preProject
		.editorconfig = .editorconfig
		..\README.md = ..\README.md
	EndProjectSection
EndProject
Project("{9A19103F-16F7-4668-BE54-9A1E7A4F7556}") = "Demo", "Demo\Demo.csproj", "{E8262A6E-AEDE-4544-AC01-A6215BC695C8}"
EndProject
Project("{FAE04EC0-301F-11D3-BF4B-00C04F79EFBC}") = "MovieCollection.TheMovieDatabase.Tests", "MovieCollection.TheMovieDatabase.Tests\MovieCollection.TheMovieDatabase.Tests.csproj", "{D15BB0C5-C178-468C-AC12-87721CA7BA8B}"
EndProject
Global
	GlobalSection(SolutionConfigurationPlatforms) = preSolution
		Debug|Any CPU = Debug|Any CPU
		Release|Any CPU = Release|Any CPU
	EndGlobalSection
	GlobalSection(ProjectConfigurationPlatforms) = postSolution
		{CFA13F18-38EB-4476-A6C8-40BDE364F606}.Debug|Any CPU.ActiveCfg = Debug|Any CPU
		{CFA13F18-38EB-4476-A6C8-40BDE364F606}.Debug|Any CPU.Build.0 = Debug|Any CPU
		{CFA13F18-38EB-4476-A6C8-40BDE364F606}.Release|Any CPU.ActiveCfg = Release|Any CPU
		{CFA13F18-38EB-4476-A6C8-40BDE364F606}.Release|Any CPU.Build.0 = Release|Any CPU
		{E8262A6E-AEDE-4544-AC01-A6215BC695C8}.Debug|Any CPU.ActiveCfg = Debug|Any CPU
		{E8262A6E-AEDE-4544-AC01-A6215BC695C8}.Debug|Any CPU.Build.0 = Debug|Any CPU
		{E8262A6E-AEDE-4544-AC01-A6215BC695C8}.Release|Any CPU.ActiveCfg = Release|Any CPU
		{E8262A6E-AEDE-4544-AC01-A6215BC695C8}.Release|Any CPU.Build.0 = Release|Any CPU
		{D15BB0C5-C178-468C-AC12-87721CA7BA8B}.Debug|Any CPU.ActiveCfg = Debug|Any CPU
		{D15BB0C5-C178-468C-AC12-87721CA7BA8B}.Debug|Any CPU.Build.0 = Debug|Any CPU
		{D15BB0C5-C178-468C-AC12-87721CA7BA8B}.Release|Any CPU.ActiveCfg = Release|Any CPU
		{D15BB0C5-C178-468C-AC12-87721CA7BA8B}.Release|Any CPU.Build.0 = Release|Any CPU
	EndGlobalSection
	GlobalSection(SolutionProperties) = preSolution
		HideSolutionNode = FALSE
	EndGlobalSection
	GlobalSection(ExtensibilityGlobals) = postSolution
		SolutionGuid = {4B8484D7-03D7-4D9C-8267-1AC7B8F334F7}
	EndGlobalSection
EndGlobal
